
Microsoft Visual Studio Solution File, Format Version 12.00
Project("{2150E333-8FDC-42A3-9474-1A3956D46DE8}") = "src", "src", "{5E671C9A-B206-4D03-A5E2-52E6EFA32EE0}"
EndProject
Project("{FAE04EC0-301F-11D3-BF4B-00C04F79EFBC}") = "Bookify.Domain", "Bookify.Domain\Bookify.Domain.csproj", "{964DA44D-07C7-4A99-9280-2D646E246B29}"
EndProject
Global
	GlobalSection(SolutionConfigurationPlatforms) = preSolution
		Debug|Any CPU = Debug|Any CPU
		Release|Any CPU = Release|Any CPU
	EndGlobalSection
	GlobalSection(NestedProjects) = preSolution
		{964DA44D-07C7-4A99-9280-2D646E246B29} = {5E671C9A-B206-4D03-A5E2-52E6EFA32EE0}
	EndGlobalSection
	GlobalSection(ProjectConfigurationPlatforms) = postSolution
		{964DA44D-07C7-4A99-9280-2D646E246B29}.Debug|Any CPU.ActiveCfg = Debug|Any CPU
		{964DA44D-07C7-4A99-9280-2D646E246B29}.Debug|Any CPU.Build.0 = Debug|Any CPU
		{964DA44D-07C7-4A99-9280-2D646E246B29}.Release|Any CPU.ActiveCfg = Release|Any CPU
		{964DA44D-07C7-4A99-9280-2D646E246B29}.Release|Any CPU.Build.0 = Release|Any CPU
	EndGlobalSection
EndGlobal
